PODS:
  - BlocksKit (2.2.5):
    - BlocksKit/All (= 2.2.5)
  - BlocksKit/All (2.2.5):
    - BlocksKit/Core
    - BlocksKit/DynamicDelegate
    - BlocksKit/MessageUI
    - BlocksKit/UIKit
  - BlocksKit/Core (2.2.5)
  - BlocksKit/DynamicDelegate (2.2.5)
  - BlocksKit/MessageUI (2.2.5):
    - BlocksKit/Core
    - BlocksKit/DynamicDelegate
  - BlocksKit/UIKit (2.2.5):
    - BlocksKit/Core
    - BlocksKit/DynamicDelegate
  - EDColor (1.0.0)
  - JKAutolayoutReadyScrollView (0.4):
    - TPKeyboardAvoiding (~> 1.2)
  - TPKeyboardAvoiding (1.3)

DEPENDENCIES:
  - BlocksKit
  - EDColor
  - JKAutolayoutReadyScrollView (from `git@github.com:jayesh15111988/JKAutolayoutReadyScrollView.git`, branch `master`)

EXTERNAL SOURCES:
  JKAutolayoutReadyScrollView:
    :branch: master
    :git: git@github.com:jayesh15111988/JKAutolayoutReadyScrollView.git

CHECKOUT OPTIONS:
  JKAutolayoutReadyScrollView:
    :commit: 5b871646f8ba88e0897f5b22f96b3a594baf1c33
    :git: git@github.com:jayesh15111988/JKAutolayoutReadyScrollView.git

SPEC CHECKSUMS:
  BlocksKit: 7f422b971407001178d181a43b99014ea2591fe6
  EDColor: c83f9a61f9f9b3c23d541f1feb561558e29cb088
  JKAutolayoutReadyScrollView: d46ab18a3419012f2804941fc229aea707fb1304
  TPKeyboardAvoiding: a5138f318c06fb3e151f886e18ce4a72695d9cbe

PODFILE CHECKSUM: 232a92993431421e9c3a0854e93ac5b8e4cc6c26

COCOAPODS: 1.0.1
